
Microsoft Visual Studio Solution File, Format Version 11.00
# Visual Studio 2010
Project("{8BC9CEB8-8B4A-11D0-8D11-00A0C91BC942}") = "EkonometriaTestProject", "EkonometriaTestProject.vcxproj", "{139F6695-91FA-46C4-8145-D77081EC86E4}"
EndProject
Project("{2150E333-8FDC-42A3-9474-1A3956D46DE8}") = "Solution Items", "Solution Items", "{680FE274-0E1A-4E4F-B327-AD262C008315}"
	ProjectSection(SolutionItems) = preProject
		EkonometriaTestProject.vsmdi = EkonometriaTestProject.vsmdi
		Local.testsettings = Local.testsettings
		TraceAndTestImpact.testsettings = TraceAndTestImpact.testsettings
	EndProjectSection
EndProject
Global
	GlobalSection(TestCaseManagementSettings) = postSolution
		CategoryFile = EkonometriaTestProject.vsmdi
	EndGlobalSection
	GlobalSection(SolutionConfigurationPlatforms) = preSolution
		Debug|Win32 = Debug|Win32
		Release|Win32 = Release|Win32
	EndGlobalSection
	GlobalSection(ProjectConfigurationPlatforms) = postSolution
		{139F6695-91FA-46C4-8145-D77081EC86E4}.Debug|Win32.ActiveCfg = Debug|Win32
		{139F6695-91FA-46C4-8145-D77081EC86E4}.Debug|Win32.Build.0 = Debug|Win32
		{139F6695-91FA-46C4-8145-D77081EC86E4}.Release|Win32.ActiveCfg = Release|Win32
		{139F6695-91FA-46C4-8145-D77081EC86E4}.Release|Win32.Build.0 = Release|Win32
	EndGlobalSection
	GlobalSection(SolutionProperties) = preSolution
		HideSolutionNode = FALSE
	EndGlobalSection
EndGlobal
